
Microsoft Visual Studio Solution File, Format Version 12.00
# Visual Studio Version 16
VisualStudioVersion = 16.0.31605.320
MinimumVisualStudioVersion = 10.0.40219.1
Project("{9A19103F-16F7-4668-BE54-9A1E7A4F7556}") = "WorkingTimeEmployees.Functions", "WorkingTimeEmployees.Functions\WorkingTimeEmployees.Functions.csproj", "{A6B9B984-ECC5-43C3-85FA-6A5685E8B33B}"
EndProject
Project("{9A19103F-16F7-4668-BE54-9A1E7A4F7556}") = "WorkingTimeEmployees.Test", "WorkingTimeEmployees.Test\WorkingTimeEmployees.Test.csproj", "{10829D82-4AD0-45C7-9C78-097E05CFF6AD}"
EndProject
Project("{9A19103F-16F7-4668-BE54-9A1E7A4F7556}") = "WorkingTimeEmployees.Common", "WorkingTimeEmployees.Common\WorkingTimeEmployees.Common.csproj", "{D01BE2AF-C3D9-487A-986B-D2EA5CC77D9E}"
EndProject
Global
	GlobalSection(SolutionConfigurationPlatforms) = preSolution
		Debug|Any CPU = Debug|Any CPU
		Release|Any CPU = Release|Any CPU
	EndGlobalSection
	GlobalSection(ProjectConfigurationPlatforms) = postSolution
		{A6B9B984-ECC5-43C3-85FA-6A5685E8B33B}.Debug|Any CPU.ActiveCfg = Debug|Any CPU
		{A6B9B984-ECC5-43C3-85FA-6A5685E8B33B}.Debug|Any CPU.Build.0 = Debug|Any CPU
		{A6B9B984-ECC5-43C3-85FA-6A5685E8B33B}.Release|Any CPU.ActiveCfg = Release|Any CPU
		{A6B9B984-ECC5-43C3-85FA-6A5685E8B33B}.Release|Any CPU.Build.0 = Release|Any CPU
		{10829D82-4AD0-45C7-9C78-097E05CFF6AD}.Debug|Any CPU.ActiveCfg = Debug|Any CPU
		{10829D82-4AD0-45C7-9C78-097E05CFF6AD}.Debug|Any CPU.Build.0 = Debug|Any CPU
		{10829D82-4AD0-45C7-9C78-097E05CFF6AD}.Release|Any CPU.ActiveCfg = Release|Any CPU
		{10829D82-4AD0-45C7-9C78-097E05CFF6AD}.Release|Any CPU.Build.0 = Release|Any CPU
		{D01BE2AF-C3D9-487A-986B-D2EA5CC77D9E}.Debug|Any CPU.ActiveCfg = Debug|Any CPU
		{D01BE2AF-C3D9-487A-986B-D2EA5CC77D9E}.Debug|Any CPU.Build.0 = Debug|Any CPU
		{D01BE2AF-C3D9-487A-986B-D2EA5CC77D9E}.Release|Any CPU.ActiveCfg = Release|Any CPU
		{D01BE2AF-C3D9-487A-986B-D2EA5CC77D9E}.Release|Any CPU.Build.0 = Release|Any CPU
	EndGlobalSection
	GlobalSection(SolutionProperties) = preSolution
		HideSolutionNode = FALSE
	EndGlobalSection
	GlobalSection(ExtensibilityGlobals) = postSolution
		SolutionGuid = {4B525C90-03B7-48F2-BACA-74FA878F7E39}
	EndGlobalSection
EndGlobal
